// !$*UTF8*$!
{
	archiveVersion = 1;
	classes = {
	};
	objectVersion = 50;
	objects = {

/* Begin PBXBuildFile section */
		80E1ED132512D8990022D352 /* VitackApp.swift in Sources */ = {isa = PBXBuildFile; fileRef = 80E1ED122512D8990022D352 /* VitackApp.swift */; };
		80E1ED152512D8990022D352 /* ContentView.swift in Sources */ = {isa = PBXBuildFile; fileRef = 80E1ED142512D8990022D352 /* ContentView.swift */; };
		80E1ED172512D89A0022D352 /* Assets.xcassets in Resources */ = {isa = PBXBuildFile; fileRef = 80E1ED162512D89A0022D352 /* Assets.xcassets */; };
		80E1ED1A2512D89A0022D352 /* Preview Assets.xcassets in Resources */ = {isa = PBXBuildFile; fileRef = 80E1ED192512D89A0022D352 /* Preview Assets.xcassets */; };
		80E1ED252512D89B0022D352 /* VitackTests.swift in Sources */ = {isa = PBXBuildFile; fileRef = 80E1ED242512D89B0022D352 /* VitackTests.swift */; };
		80E1ED302512D89B0022D352 /* VitackUITests.swift in Sources */ = {isa = PBXBuildFile; fileRef = 80E1ED2F2512D89B0022D352 /* VitackUITests.swift */; };
		80E1ED412513DDA10022D352 /* todoView.swift in Sources */ = {isa = PBXBuildFile; fileRef = 80E1ED402513DDA10022D352 /* todoView.swift */; };
/* End PBXBuildFile section */

/* Begin PBXContainerItemProxy section */
		80E1ED212512D89B0022D352 /* PBXContainerItemProxy */ = {
			isa = PBXContainerItemProxy;
			containerPortal = 80E1ED072512D8980022D352 /* Project object */;
			proxyType = 1;
			remoteGlobalIDString = 80E1ED0E2512D8980022D352;
			remoteInfo = Vitack;
		};
		80E1ED2C2512D89B0022D352 /* PBXContainerItemProxy */ = {
			isa = PBXContainerItemProxy;
			containerPortal = 80E1ED072512D8980022D352 /* Project object */;
			proxyType = 1;
			remoteGlobalIDString = 80E1ED0E2512D8980022D352;
			remoteInfo = Vitack;
		};
/* End PBXContainerItemProxy section */

/* Begin PBXFileReference section */
		80E1ED0F2512D8990022D352 /* Vitack.app */ = {isa = PBXFileReference; explicitFileType = wrapper.application; includeInIndex = 0; path = Vitack.app; sourceTree = BUILT_PRODUCTS_DIR; };
		80E1ED122512D8990022D352 /* VitackApp.swift */ = {isa = PBXFileReference; lastKnownFileType = sourcecode.swift; path = VitackApp.swift; sourceTree = "<group>"; };
		80E1ED142512D8990022D352 /* ContentView.swift */ = {isa = PBXFileReference; lastKnownFileType = sourcecode.swift; path = ContentView.swift; sourceTree = "<group>"; };
		80E1ED162512D89A0022D352 /* Assets.xcassets */ = {isa = PBXFileReference; lastKnownFileType = folder.assetcatalog; path = Assets.xcassets; sourceTree = "<group>"; };
		80E1ED192512D89A0022D352 /* Preview Assets.xcassets */ = {isa = PBXFileReference; lastKnownFileType = folder.assetcatalog; path = "Preview Assets.xcassets"; sourceTree = "<group>"; };
		80E1ED1B2512D89A0022D352 /* Info.plist */ = {isa = PBXFileReference; lastKnownFileType = text.plist.xml; path = Info.plist; sourceTree = "<group>"; };
		80E1ED202512D89B0022D352 /* VitackTests.xctest */ = {isa = PBXFileReference; explicitFileType = wrapper.cfbundle; includeInIndex = 0; path = VitackTests.xctest; sourceTree = BUILT_PRODUCTS_DIR; };
		80E1ED242512D89B0022D352 /* VitackTests.swift */ = {isa = PBXFileReference; lastKnownFileType = sourcecode.swift; path = VitackTests.swift; sourceTree = "<group>"; };
		80E1ED262512D89B0022D352 /* Info.plist */ = {isa = PBXFileReference; lastKnownFileType = text.plist.xml; path = Info.plist; sourceTree = "<group>"; };
		80E1ED2B2512D89B0022D352 /* VitackUITests.xctest */ = {isa = PBXFileReference; explicitFileType = wrapper.cfbundle; includeInIndex = 0; path = VitackUITests.xctest; sourceTree = BUILT_PRODUCTS_DIR; };
		80E1ED2F2512D89B0022D352 /* VitackUITests.swift */ = {isa = PBXFileReference; lastKnownFileType = sourcecode.swift; path = VitackUITests.swift; sourceTree = "<group>"; };
		80E1ED312512D89B0022D352 /* Info.plist */ = {isa = PBXFileReference; lastKnownFileType = text.plist.xml; path = Info.plist; sourceTree = "<group>"; };
		80E1ED402513DDA10022D352 /* todoView.swift */ = {isa = PBXFileReference; lastKnownFileType = sourcecode.swift; path = todoView.swift; sourceTree = "<group>"; };
/* End PBXFileReference section */

/* Begin PBXFrameworksBuildPhase section */
		80E1ED0C2512D8980022D352 /* Frameworks */ = {
			isa = PBXFrameworksBuildPhase;
			buildActionMask = 2147483647;
			files = (
			);
			runOnlyForDeploymentPostprocessing = 0;
		};
		80E1ED1D2512D89B0022D352 /* Frameworks */ = {
			isa = PBXFrameworksBuildPhase;
			buildActionMask = 2147483647;
			files = (
			);
			runOnlyForDeploymentPostprocessing = 0;
		};
		80E1ED282512D89B0022D352 /* Frameworks */ = {
			isa = PBXFrameworksBuildPhase;
			buildActionMask = 2147483647;
			files = (
			);
			runOnlyForDeploymentPostprocessing = 0;
		};
/* End PBXFrameworksBuildPhase section */

/* Begin PBXGroup section */
		80E1ED062512D8980022D352 = {
			isa = PBXGroup;
			children = (
				80E1ED112512D8990022D352 /* Vitack */,
				80E1ED232512D89B0022D352 /* VitackTests */,
				80E1ED2E2512D89B0022D352 /* VitackUITests */,
				80E1ED102512D8990022D352 /* Products */,
			);
			sourceTree = "<group>";
		};
		80E1ED102512D8990022D352 /* Products */ = {
			isa = PBXGroup;
			children = (
				80E1ED0F2512D8990022D352 /* Vitack.app */,
				80E1ED202512D89B0022D352 /* VitackTests.xctest */,
				80E1ED2B2512D89B0022D352 /* VitackUITests.xctest */,
			);
			name = Products;
			sourceTree = "<group>";
		};
		80E1ED112512D8990022D352 /* Vitack */ = {
			isa = PBXGroup;
			children = (
				80E1ED122512D8990022D352 /* VitackApp.swift */,
				80E1ED142512D8990022D352 /* ContentView.swift */,
				80E1ED162512D89A0022D352 /* Assets.xcassets */,
				80E1ED1B2512D89A0022D352 /* Info.plist */,
				80E1ED182512D89A0022D352 /* Preview Content */,
				80E1ED402513DDA10022D352 /* todoView.swift */,
			);
			path = Vitack;
			sourceTree = "<group>";
		};
		80E1ED182512D89A0022D352 /* Preview Content */ = {
			isa = PBXGroup;
			children = (
				80E1ED192512D89A0022D352 /* Preview Assets.xcassets */,
			);
			path = "Preview Content";
			sourceTree = "<group>";
		};
		80E1ED232512D89B0022D352 /* VitackTests */ = {
			isa = PBXGroup;
			children = (
				80E1ED242512D89B0022D352 /* VitackTests.swift */,
				80E1ED262512D89B0022D352 /* Info.plist */,
			);
			path = VitackTests;
			sourceTree = "<group>";
		};
		80E1ED2E2512D89B0022D352 /* VitackUITests */ = {
			isa = PBXGroup;
			children = (
				80E1ED2F2512D89B0022D352 /* VitackUITests.swift */,
				80E1ED312512D89B0022D352 /* Info.plist */,
			);
			path = VitackUITests;
			sourceTree = "<group>";
		};
/* End PBXGroup section */

/* Begin PBXNativeTarget section */
		80E1ED0E2512D8980022D352 /* Vitack */ = {
			isa = PBXNativeTarget;
			buildConfigurationList = 80E1ED342512D89B0022D352 /* Build configuration list for PBXNativeTarget "Vitack" */;
			buildPhases = (
				80E1ED0B2512D8980022D352 /* Sources */,
				80E1ED0C2512D8980022D352 /* Frameworks */,
				80E1ED0D2512D8980022D352 /* Resources */,
			);
			buildRules = (
			);
			dependencies = (
			);
			name = Vitack;
			productName = Vitack;
			productReference = 80E1ED0F2512D8990022D352 /* Vitack.app */;
			productType = "com.apple.product-type.application";
		};
		80E1ED1F2512D89B0022D352 /* VitackTests */ = {
			isa = PBXNativeTarget;
			buildConfigurationList = 80E1ED372512D89B0022D352 /* Build configuration list for PBXNativeTarget "VitackTests" */;
			buildPhases = (
				80E1ED1C2512D89B0022D352 /* Sources */,
				80E1ED1D2512D89B0022D352 /* Frameworks */,
				80E1ED1E2512D89B0022D352 /* Resources */,
			);
			buildRules = (
			);
			dependencies = (
				80E1ED222512D89B0022D352 /* PBXTargetDependency */,
			);
			name = VitackTests;
			productName = VitackTests;
			productReference = 80E1ED202512D89B0022D352 /* VitackTests.xctest */;
			productType = "com.apple.product-type.bundle.unit-test";
		};
		80E1ED2A2512D89B0022D352 /* VitackUITests */ = {
			isa = PBXNativeTarget;
			buildConfigurationList = 80E1ED3A2512D89B0022D352 /* Build configuration list for PBXNativeTarget "VitackUITests" */;
			buildPhases = (
				80E1ED272512D89B0022D352 /* Sources */,
				80E1ED282512D89B0022D352 /* Frameworks */,
				80E1ED292512D89B0022D352 /* Resources */,
			);
			buildRules = (
			);
			dependencies = (
				80E1ED2D2512D89B0022D352 /* PBXTargetDependency */,
			);
			name = VitackUITests;
			productName = VitackUITests;
			productReference = 80E1ED2B2512D89B0022D352 /* VitackUITests.xctest */;
			productType = "com.apple.product-type.bundle.ui-testing";
		};
/* End PBXNativeTarget section */

/* Begin PBXProject section */
		80E1ED072512D8980022D352 /* Project object */ = {
			isa = PBXProject;
			attributes = {
				LastSwiftUpdateCheck = 1200;
				LastUpgradeCheck = 1200;
				TargetAttributes = {
					80E1ED0E2512D8980022D352 = {
						CreatedOnToolsVersion = 12.0;
					};
					80E1ED1F2512D89B0022D352 = {
						CreatedOnToolsVersion = 12.0;
						TestTargetID = 80E1ED0E2512D8980022D352;
					};
					80E1ED2A2512D89B0022D352 = {
						CreatedOnToolsVersion = 12.0;
						TestTargetID = 80E1ED0E2512D8980022D352;
					};
				};
			};
			buildConfigurationList = 80E1ED0A2512D8980022D352 /* Build configuration list for PBXProject "Vitack" */;
			compatibilityVersion = "Xcode 9.3";
			developmentRegion = en;
			hasScannedForEncodings = 0;
			knownRegions = (
				en,
				Base,
			);
			mainGroup = 80E1ED062512D8980022D352;
			productRefGroup = 80E1ED102512D8990022D352 /* Products */;
			projectDirPath = "";
			projectRoot = "";
			targets = (
				80E1ED0E2512D8980022D352 /* Vitack */,
				80E1ED1F2512D89B0022D352 /* VitackTests */,
				80E1ED2A2512D89B0022D352 /* VitackUITests */,
			);
		};
/* End PBXProject section */

/* Begin PBXResourcesBuildPhase section */
		80E1ED0D2512D8980022D352 /* Resources */ = {
			isa = PBXResourcesBuildPhase;
			buildActionMask = 2147483647;
			files = (
				80E1ED1A2512D89A0022D352 /* Preview Assets.xcassets in Resources */,
				80E1ED172512D89A0022D352 /* Assets.xcassets in Resources */,
			);
			runOnlyForDeploymentPostprocessing = 0;
		};
		80E1ED1E2512D89B0022D352 /* Resources */ = {
			isa = PBXResourcesBuildPhase;
			buildActionMask = 2147483647;
			files = (
			);
			runOnlyForDeploymentPostprocessing = 0;
		};
		80E1ED292512D89B0022D352 /* Resources */ = {
			isa = PBXResourcesBuildPhase;
			buildActionMask = 2147483647;
			files = (
			);
			runOnlyForDeploymentPostprocessing = 0;
		};
/* End PBXResourcesBuildPhase section */

/* Begin PBXSourcesBuildPhase section */
		80E1ED0B2512D8980022D352 /* Sources */ = {
			isa = PBXSourcesBuildPhase;
			buildActionMask = 2147483647;
			files = (
				80E1ED152512D8990022D352 /* ContentView.swift in Sources */,
				80E1ED132512D8990022D352 /* VitackApp.swift in Sources */,
				80E1ED412513DDA10022D352 /* todoView.swift in Sources */,
			);
			runOnlyForDeploymentPostprocessing = 0;
		};
		80E1ED1C2512D89B0022D352 /* Sources */ = {
			isa = PBXSourcesBuildPhase;
			buildActionMask = 2147483647;
			files = (
				80E1ED252512D89B0022D352 /* VitackTests.swift in Sources */,
			);
			runOnlyForDeploymentPostprocessing = 0;
		};
		80E1ED272512D89B0022D352 /* Sources */ = {
			isa = PBXSourcesBuildPhase;
			buildActionMask = 2147483647;
			files = (
				80E1ED302512D89B0022D352 /* VitackUITests.swift in Sources */,
			);
			runOnlyForDeploymentPostprocessing = 0;
		};
/* End PBXSourcesBuildPhase section */

/* Begin PBXTargetDependency section */
		80E1ED222512D89B0022D352 /* PBXTargetDependency */ = {
			isa = PBXTargetDependency;
			target = 80E1ED0E2512D8980022D352 /* Vitack */;
			targetProxy = 80E1ED212512D89B0022D352 /* PBXContainerItemProxy */;
		};
		80E1ED2D2512D89B0022D352 /* PBXTargetDependency */ = {
			isa = PBXTargetDependency;
			target = 80E1ED0E2512D8980022D352 /* Vitack */;
			targetProxy = 80E1ED2C2512D89B0022D352 /* PBXContainerItemProxy */;
		};
/* End PBXTargetDependency section */

/* Begin XCBuildConfiguration section */
		80E1ED322512D89B0022D352 /* Debug */ = {
			isa = XCBuildConfiguration;
			buildSettings = {
				ALWAYS_SEARCH_USER_PATHS = NO;
				CLANG_ANALYZER_NONNULL = YES;
				CLANG_ANALYZER_NUMBER_OBJECT_CONVERSION = YES_AGGRESSIVE;
				CLANG_CXX_LANGUAGE_STANDARD = "gnu++14";
				CLANG_CXX_LIBRARY = "libc++";
				CLANG_ENABLE_MODULES = YES;
				CLANG_ENABLE_OBJC_ARC = YES;
				CLANG_ENABLE_OBJC_WEAK = YES;
				CLANG_WARN_BLOCK_CAPTURE_AUTORELEASING = YES;
				CLANG_WARN_BOOL_CONVERSION = YES;
				CLANG_WARN_COMMA = YES;
				CLANG_WARN_CONSTANT_CONVERSION = YES;
				CLANG_WARN_DEPRECATED_OBJC_IMPLEMENTATIONS = YES;
				CLANG_WARN_DIRECT_OBJC_ISA_USAGE = YES_ERROR;
				CLANG_WARN_DOCUMENTATION_COMMENTS = YES;
				CLANG_WARN_EMPTY_BODY = YES;
				CLANG_WARN_ENUM_CONVERSION = YES;
				CLANG_WARN_INFINITE_RECURSION = YES;
				CLANG_WARN_INT_CONVERSION = YES;
				CLANG_WARN_NON_LITERAL_NULL_CONVERSION = YES;
				CLANG_WARN_OBJC_IMPLICIT_RETAIN_SELF = YES;
				CLANG_WARN_OBJC_LITERAL_CONVERSION = YES;
				CLANG_WARN_OBJC_ROOT_CLASS = YES_ERROR;
				CLANG_WARN_QUOTED_INCLUDE_IN_FRAMEWORK_HEADER = YES;
				CLANG_WARN_RANGE_LOOP_ANALYSIS = YES;
				CLANG_WARN_STRICT_PROTOTYPES = YES;
				CLANG_WARN_SUSPICIOUS_MOVE = YES;
				CLANG_WARN_UNGUARDED_AVAILABILITY = YES_AGGRESSIVE;
				CLANG_WARN_UNREACHABLE_CODE = YES;
				CLANG_WARN__DUPLICATE_METHOD_MATCH = YES;
				COPY_PHASE_STRIP = NO;
				DEBUG_INFORMATION_FORMAT = dwarf;
				ENABLE_STRICT_OBJC_MSGSEND = YES;
				ENABLE_TESTABILITY = YES;
				GCC_C_LANGUAGE_STANDARD = gnu11;
				GCC_DYNAMIC_NO_PIC = NO;
				GCC_NO_COMMON_BLOCKS = YES;
				GCC_OPTIMIZATION_LEVEL = 0;
				GCC_PREPROCESSOR_DEFINITIONS = (
					"DEBUG=1",
					"$(inherited)",
				);
				GCC_WARN_64_TO_32_BIT_CONVERSION = YES;
				GCC_WARN_ABOUT_RETURN_TYPE = YES_ERROR;
				GCC_WARN_UNDECLARED_SELECTOR = YES;
				GCC_WARN_UNINITIALIZED_AUTOS = YES_AGGRESSIVE;
				GCC_WARN_UNUSED_FUNCTION = YES;
				GCC_WARN_UNUSED_VARIABLE = YES;
				IPHONEOS_DEPLOYMENT_TARGET = 14.0;
				MTL_ENABLE_DEBUG_INFO = INCLUDE_SOURCE;
				MTL_FAST_MATH = YES;
				ONLY_ACTIVE_ARCH = YES;
				SDKROOT = iphoneos;
				SWIFT_ACTIVE_COMPILATION_CONDITIONS = DEBUG;
				SWIFT_OPTIMIZATION_LEVEL = "-Onone";
			};
			name = Debug;
		};
		80E1ED332512D89B0022D352 /* Release */ = {
			isa = XCBuildConfiguration;
			buildSettings = {
				ALWAYS_SEARCH_USER_PATHS = NO;
				CLANG_ANALYZER_NONNULL = YES;
				CLANG_ANALYZER_NUMBER_OBJECT_CONVERSION = YES_AGGRESSIVE;
				CLANG_CXX_LANGUAGE_STANDARD = "gnu++14";
				CLANG_CXX_LIBRARY = "libc++";
				CLANG_ENABLE_MODULES = YES;
				CLANG_ENABLE_OBJC_ARC = YES;
				CLANG_ENABLE_OBJC_WEAK = YES;
				CLANG_WARN_BLOCK_CAPTURE_AUTORELEASING = YES;
				CLANG_WARN_BOOL_CONVERSION = YES;
				CLANG_WARN_COMMA = YES;
				CLANG_WARN_CONSTANT_CONVERSION = YES;
				CLANG_WARN_DEPRECATED_OBJC_IMPLEMENTATIONS = YES;
				CLANG_WARN_DIRECT_OBJC_ISA_USAGE = YES_ERROR;
				CLANG_WARN_DOCUMENTATION_COMMENTS = YES;
				CLANG_WARN_EMPTY_BODY = YES;
				CLANG_WARN_ENUM_CONVERSION = YES;
				CLANG_WARN_INFINITE_RECURSION = YES;
				CLANG_WARN_INT_CONVERSION = YES;
				CLANG_WARN_NON_LITERAL_NULL_CONVERSION = YES;
				CLANG_WARN_OBJC_IMPLICIT_RETAIN_SELF = YES;
				CLANG_WARN_OBJC_LITERAL_CONVERSION = YES;
				CLANG_WARN_OBJC_ROOT_CLASS = YES_ERROR;
				CLANG_WARN_QUOTED_INCLUDE_IN_FRAMEWORK_HEADER = YES;
				CLANG_WARN_RANGE_LOOP_ANALYSIS = YES;
				CLANG_WARN_STRICT_PROTOTYPES = YES;
				CLANG_WARN_SUSPICIOUS_MOVE = YES;
				CLANG_WARN_UNGUARDED_AVAILABILITY = YES_AGGRESSIVE;
				CLANG_WARN_UNREACHABLE_CODE = YES;
				CLANG_WARN__DUPLICATE_METHOD_MATCH = YES;
				COPY_PHASE_STRIP = NO;
				DEBUG_INFORMATION_FORMAT = "dwarf-with-dsym";
				ENABLE_NS_ASSERTIONS = NO;
				ENABLE_STRICT_OBJC_MSGSEND = YES;
				GCC_C_LANGUAGE_STANDARD = gnu11;
				GCC_NO_COMMON_BLOCKS = YES;
				GCC_WARN_64_TO_32_BIT_CONVERSION = YES;
				GCC_WARN_ABOUT_RETURN_TYPE = YES_ERROR;
				GCC_WARN_UNDECLARED_SELECTOR = YES;
				GCC_WARN_UNINITIALIZED_AUTOS = YES_AGGRESSIVE;
				GCC_WARN_UNUSED_FUNCTION = YES;
				GCC_WARN_UNUSED_VARIABLE = YES;
				IPHONEOS_DEPLOYMENT_TARGET = 14.0;
				MTL_ENABLE_DEBUG_INFO = NO;
				MTL_FAST_MATH = YES;
				SDKROOT = iphoneos;
				SWIFT_COMPILATION_MODE = wholemodule;
				SWIFT_OPTIMIZATION_LEVEL = "-O";
				VALIDATE_PRODUCT = YES;
			};
			name = Release;
		};
		80E1ED352512D89B0022D352 /* Debug */ = {
			isa = XCBuildConfiguration;
			buildSettings = {
				ASSETCATALOG_COMPILER_APPICON_NAME = AppIcon;
				ASSETCATALOG_COMPILER_GLOBAL_ACCENT_COLOR_NAME = AccentColor;
				CODE_SIGN_STYLE = Automatic;
				DEVELOPMENT_ASSET_PATHS = "\"Vitack/Preview Content\"";
				DEVELOPMENT_TEAM = 5792949ZYF;
				ENABLE_PREVIEWS = YES;
				INFOPLIST_FILE = Vitack/Info.plist;
				IPHONEOS_DEPLOYMENT_TARGET = 14.0;
				LD_RUNPATH_SEARCH_PATHS = (
					"$(inherited)",
					"@executable_path/Frameworks",
				);
				PRODUCT_BUNDLE_IDENTIFIER = com.jesseruiz.Vitack;
				PRODUCT_NAME = "$(TARGET_NAME)";
				SWIFT_VERSION = 5.0;
				TARGETED_DEVICE_FAMILY = "1,2";
			};
			name = Debug;
		};
		80E1ED362512D89B0022D352 /* Release */ = {
			isa = XCBuildConfiguration;
			buildSettings = {
				ASSETCATALOG_COMPILER_APPICON_NAME = AppIcon;
				ASSETCATALOG_COMPILER_GLOBAL_ACCENT_COLOR_NAME = AccentColor;
				CODE_SIGN_STYLE = Automatic;
				DEVELOPMENT_ASSET_PATHS = "\"Vitack/Preview Content\"";
				DEVELOPMENT_TEAM = 5792949ZYF;
				ENABLE_PREVIEWS = YES;
				INFOPLIST_FILE = Vitack/Info.plist;
				IPHONEOS_DEPLOYMENT_TARGET = 14.0;
				LD_RUNPATH_SEARCH_PATHS = (
					"$(inherited)",
					"@executable_path/Frameworks",
				);
				PRODUCT_BUNDLE_IDENTIFIER = com.jesseruiz.Vitack;
				PRODUCT_NAME = "$(TARGET_NAME)";
				SWIFT_VERSION = 5.0;
				TARGETED_DEVICE_FAMILY = "1,2";
			};
			name = Release;
		};
		80E1ED382512D89B0022D352 /* Debug */ = {
			isa = XCBuildConfiguration;
			buildSettings = {
				ALWAYS_EMBED_SWIFT_STANDARD_LIBRARIES = YES;
				BUNDLE_LOADER = "$(TEST_HOST)";
				CODE_SIGN_STYLE = Automatic;
				DEVELOPMENT_TEAM = 5792949ZYF;
				INFOPLIST_FILE = VitackTests/Info.plist;
				IPHONEOS_DEPLOYMENT_TARGET = 14.0;
				LD_RUNPATH_SEARCH_PATHS = (
					"$(inherited)",
					"@executable_path/Frameworks",
					"@loader_path/Frameworks",
				);
				PRODUCT_BUNDLE_IDENTIFIER = com.jesseruiz.VitackTests;
				PRODUCT_NAME = "$(TARGET_NAME)";
				SWIFT_VERSION = 5.0;
				TARGETED_DEVICE_FAMILY = "1,2";
				TEST_HOST = "$(BUILT_PRODUCTS_DIR)/Vitack.app/Vitack";
			};
			name = Debug;
		};
		80E1ED392512D89B0022D352 /* Release */ = {
			isa = XCBuildConfiguration;
			buildSettings = {
				ALWAYS_EMBED_SWIFT_STANDARD_LIBRARIES = YES;
				BUNDLE_LOADER = "$(TEST_HOST)";
				CODE_SIGN_STYLE = Automatic;
				DEVELOPMENT_TEAM = 5792949ZYF;
				INFOPLIST_FILE = VitackTests/Info.plist;
				IPHONEOS_DEPLOYMENT_TARGET = 14.0;
				LD_RUNPATH_SEARCH_PATHS = (
					"$(inherited)",
					"@executable_path/Frameworks",
					"@loader_path/Frameworks",
				);
				PRODUCT_BUNDLE_IDENTIFIER = com.jesseruiz.VitackTests;
				PRODUCT_NAME = "$(TARGET_NAME)";
				SWIFT_VERSION = 5.0;
				TARGETED_DEVICE_FAMILY = "1,2";
				TEST_HOST = "$(BUILT_PRODUCTS_DIR)/Vitack.app/Vitack";
			};
			name = Release;
		};
		80E1ED3B2512D89B0022D352 /* Debug */ = {
			isa = XCBuildConfiguration;
			buildSettings = {
				ALWAYS_EMBED_SWIFT_STANDARD_LIBRARIES = YES;
				CODE_SIGN_STYLE = Automatic;
				DEVELOPMENT_TEAM = 5792949ZYF;
				INFOPLIST_FILE = VitackUITests/Info.plist;
				LD_RUNPATH_SEARCH_PATHS = (
					"$(inherited)",
					"@executable_path/Frameworks",
					"@loader_path/Frameworks",
				);
				PRODUCT_BUNDLE_IDENTIFIER = com.jesseruiz.VitackUITests;
				PRODUCT_NAME = "$(TARGET_NAME)";
				SWIFT_VERSION = 5.0;
				TARGETED_DEVICE_FAMILY = "1,2";
				TEST_TARGET_NAME = Vitack;
			};
			name = Debug;
		};
		80E1ED3C2512D89B0022D352 /* Release */ = {
			isa = XCBuildConfiguration;
			buildSettings = {
				ALWAYS_EMBED_SWIFT_STANDARD_LIBRARIES = YES;
				CODE_SIGN_STYLE = Automatic;
				DEVELOPMENT_TEAM = 5792949ZYF;
				INFOPLIST_FILE = VitackUITests/Info.plist;
				LD_RUNPATH_SEARCH_PATHS = (
					"$(inherited)",
					"@executable_path/Frameworks",
					"@loader_path/Frameworks",
				);
				PRODUCT_BUNDLE_IDENTIFIER = com.jesseruiz.VitackUITests;
				PRODUCT_NAME = "$(TARGET_NAME)";
				SWIFT_VERSION = 5.0;
				TARGETED_DEVICE_FAMILY = "1,2";
				TEST_TARGET_NAME = Vitack;
			};
			name = Release;
		};
/* End XCBuildConfiguration section */

/* Begin XCConfigurationList section */
		80E1ED0A2512D8980022D352 /* Build configuration list for PBXProject "Vitack" */ = {
			isa = XCConfigurationList;
			buildConfigurations = (
				80E1ED322512D89B0022D352 /* Debug */,
				80E1ED332512D89B0022D352 /* Release */,
			);
			defaultConfigurationIsVisible = 0;
			defaultConfigurationName = Release;
		};
		80E1ED342512D89B0022D352 /* Build configuration list for PBXNativeTarget "Vitack" */ = {
			isa = XCConfigurationList;
			buildConfigurations = (
				80E1ED352512D89B0022D352 /* Debug */,
				80E1ED362512D89B0022D352 /* Release */,
			);
			defaultConfigurationIsVisible = 0;
			defaultConfigurationName = Release;
		};
		80E1ED372512D89B0022D352 /* Build configuration list for PBXNativeTarget "VitackTests" */ = {
			isa = XCConfigurationList;
			buildConfigurations = (
				80E1ED382512D89B0022D352 /* Debug */,
				80E1ED392512D89B0022D352 /* Release */,
			);
			defaultConfigurationIsVisible = 0;
			defaultConfigurationName = Release;
		};
		80E1ED3A2512D89B0022D352 /* Build configuration list for PBXNativeTarget "VitackUITests" */ = {
			isa = XCConfigurationList;
			buildConfigurations = (
				80E1ED3B2512D89B0022D352 /* Debug */,
				80E1ED3C2512D89B0022D352 /* Release */,
			);
			defaultConfigurationIsVisible = 0;
			defaultConfigurationName = Release;
		};
/* End XCConfigurationList section */
	};
	rootObject = 80E1ED072512D8980022D352 /* Project object */;
}
